
Microsoft Visual Studio Solution File, Format Version 11.00
# Visual Studio 2010
Project("{F184B08F-C81C-45F6-A57F-5ABD9991F28F}") = "WepArmTest", "WepArmTest\WepArmTest.vbproj", "{BEAC0908-A548-440C-A98B-2AAEF1E0E29D}"
EndProject
Global
	GlobalSection(SolutionConfigurationPlatforms) = preSolution
		Debug|x86 = Debug|x86
		Release|x86 = Release|x86
	EndGlobalSection
	GlobalSection(ProjectConfigurationPlatforms) = postSolution
		{BEAC0908-A548-440C-A98B-2AAEF1E0E29D}.Debug|x86.ActiveCfg = Debug|x86
		{BEAC0908-A548-440C-A98B-2AAEF1E0E29D}.Debug|x86.Build.0 = Debug|x86
		{BEAC0908-A548-440C-A98B-2AAEF1E0E29D}.Release|x86.ActiveCfg = Release|x86
		{BEAC0908-A548-440C-A98B-2AAEF1E0E29D}.Release|x86.Build.0 = Release|x86
	EndGlobalSection
	GlobalSection(SolutionProperties) = preSolution
		HideSolutionNode = FALSE
	EndGlobalSection
EndGlobal
